// !$*UTF8*$!
{
	archiveVersion = 1;
	classes = {
	};
	objectVersion = 56;
	objects = {

/* Begin PBXBuildFile section */
		611A50392922BC890025E3EC /* EditProjectView.swift in Sources */ = {isa = PBXBuildFile; fileRef = 611A50382922BC890025E3EC /* EditProjectView.swift */; };
		6129DEA62925BB9D0017539C /* Bundle-Decodable.swift in Sources */ = {isa = PBXBuildFile; fileRef = 6129DEA52925BB9D0017539C /* Bundle-Decodable.swift */; };
		6129DEA82925C4DB0017539C /* Award.swift in Sources */ = {isa = PBXBuildFile; fileRef = 6129DEA72925C4DB0017539C /* Award.swift */; };
		6129DEAB2925C72C0017539C /* AwardsView.swift in Sources */ = {isa = PBXBuildFile; fileRef = 6129DEAA2925C72C0017539C /* AwardsView.swift */; };
		6129DEAD2926072C0017539C /* Color-Additions.swift in Sources */ = {isa = PBXBuildFile; fileRef = 6129DEAC2926072C0017539C /* Color-Additions.swift */; };
		6129DEB2292769820017539C /* Localizable.strings in Resources */ = {isa = PBXBuildFile; fileRef = 6129DEB4292769820017539C /* Localizable.strings */; };
		6129DEB629276D810017539C /* Localizable.stringsdict in Resources */ = {isa = PBXBuildFile; fileRef = 6129DEB829276D810017539C /* Localizable.stringsdict */; };
		6129DEBA29276FB40017539C /* Awards.json in Resources */ = {isa = PBXBuildFile; fileRef = 6129DEBC29276FB40017539C /* Awards.json */; };
		6129DEBF29281A1D0017539C /* ItemListView.swift in Sources */ = {isa = PBXBuildFile; fileRef = 6129DEBE29281A1D0017539C /* ItemListView.swift */; };
		6129DEC12928427E0017539C /* ProjectSummaryView.swift in Sources */ = {isa = PBXBuildFile; fileRef = 6129DEC02928427E0017539C /* ProjectSummaryView.swift */; };
		617867EC292E68BD00B42377 /* PerformanceTests.swift in Sources */ = {isa = PBXBuildFile; fileRef = 617867EB292E68BD00B42377 /* PerformanceTests.swift */; };
		617867F5292F2EB800B42377 /* UltimatePortfolioUITests.swift in Sources */ = {isa = PBXBuildFile; fileRef = 617867F4292F2EB800B42377 /* UltimatePortfolioUITests.swift */; };
		617867F7292F2EB800B42377 /* UltimatePortfolioUITestsLaunchTests.swift in Sources */ = {isa = PBXBuildFile; fileRef = 617867F6292F2EB800B42377 /* UltimatePortfolioUITestsLaunchTests.swift */; };
		617DE14529334D010022DC2C /* ProjectsViewModel.swift in Sources */ = {isa = PBXBuildFile; fileRef = 617DE14429334D010022DC2C /* ProjectsViewModel.swift */; };
		617DE1472933C4EA0022DC2C /* HomeViewModel.swift in Sources */ = {isa = PBXBuildFile; fileRef = 617DE1462933C4EA0022DC2C /* HomeViewModel.swift */; };
		617DE1492934AEEE0022DC2C /* ItemRowViewModel.swift in Sources */ = {isa = PBXBuildFile; fileRef = 617DE1482934AEEE0022DC2C /* ItemRowViewModel.swift */; };
		6192EA222909CF7400DF6E8C /* HomeView.swift in Sources */ = {isa = PBXBuildFile; fileRef = 6192EA212909CF7400DF6E8C /* HomeView.swift */; };
		6192EA242909DCCB00DF6E8C /* ProjectsView.swift in Sources */ = {isa = PBXBuildFile; fileRef = 6192EA232909DCCB00DF6E8C /* ProjectsView.swift */; };
		6192EA26290AAB7800DF6E8C /* Item-CoreDataHelpers.swift in Sources */ = {isa = PBXBuildFile; fileRef = 6192EA25290AAB7800DF6E8C /* Item-CoreDataHelpers.swift */; };
		6192EA28290AAB8600DF6E8C /* Project-CoreDataHelpers.swift in Sources */ = {isa = PBXBuildFile; fileRef = 6192EA27290AAB8600DF6E8C /* Project-CoreDataHelpers.swift */; };
		6192EA2D290B254900DF6E8C /* EditItemView.swift in Sources */ = {isa = PBXBuildFile; fileRef = 6192EA2C290B254900DF6E8C /* EditItemView.swift */; };
		6192EA2F290B693A00DF6E8C /* ItemRowView.swift in Sources */ = {isa = PBXBuildFile; fileRef = 6192EA2E290B693900DF6E8C /* ItemRowView.swift */; };
		6192EA31290BD75500DF6E8C /* Binding-OnChange.swift in Sources */ = {isa = PBXBuildFile; fileRef = 6192EA30290BD75500DF6E8C /* Binding-OnChange.swift */; };
		6192EA33290BEF0000DF6E8C /* ProjectHeaderView.swift in Sources */ = {isa = PBXBuildFile; fileRef = 6192EA32290BEEFF00DF6E8C /* ProjectHeaderView.swift */; };
		6192EA35290BFA5800DF6E8C /* Colors.xcassets in Resources */ = {isa = PBXBuildFile; fileRef = 6192EA34290BFA5800DF6E8C /* Colors.xcassets */; };
		619E4F2A2908387A007F9C30 /* UltimatePortfolioApp.swift in Sources */ = {isa = PBXBuildFile; fileRef = 619E4F292908387A007F9C30 /* UltimatePortfolioApp.swift */; };
		619E4F2C2908387A007F9C30 /* ContentView.swift in Sources */ = {isa = PBXBuildFile; fileRef = 619E4F2B2908387A007F9C30 /* ContentView.swift */; };
		619E4F2E2908387D007F9C30 /* Assets.xcassets in Resources */ = {isa = PBXBuildFile; fileRef = 619E4F2D2908387D007F9C30 /* Assets.xcassets */; };
		619E4F312908387D007F9C30 /* Preview Assets.xcassets in Resources */ = {isa = PBXBuildFile; fileRef = 619E4F302908387D007F9C30 /* Preview Assets.xcassets */; };
		619E4F3929083945007F9C30 /* Main.xcdatamodeld in Sources */ = {isa = PBXBuildFile; fileRef = 619E4F3729083945007F9C30 /* Main.xcdatamodeld */; };
		619E4F3B2908AE10007F9C30 /* DataController.swift in Sources */ = {isa = PBXBuildFile; fileRef = 619E4F3A2908AE10007F9C30 /* DataController.swift */; };
		61A80770292C10F200AE92AB /* BaseTestCase.swift in Sources */ = {isa = PBXBuildFile; fileRef = 61A8076F292C10F200AE92AB /* BaseTestCase.swift */; };
		61EF959A292C9FB7009ABDF0 /* AssetTests.swift in Sources */ = {isa = PBXBuildFile; fileRef = 61EF9599292C9FB7009ABDF0 /* AssetTests.swift */; };
		61EF959C292CC2F3009ABDF0 /* ProjectTests.swift in Sources */ = {isa = PBXBuildFile; fileRef = 61EF959B292CC2F3009ABDF0 /* ProjectTests.swift */; };
		61EF959E292CD7F1009ABDF0 /* AwardTests.swift in Sources */ = {isa = PBXBuildFile; fileRef = 61EF959D292CD7F1009ABDF0 /* AwardTests.swift */; };
		61EF95A0292CEA1C009ABDF0 /* DevelopmentTests.swift in Sources */ = {isa = PBXBuildFile; fileRef = 61EF959F292CEA1B009ABDF0 /* DevelopmentTests.swift */; };
		61EF95A2292D10D8009ABDF0 /* ExtensionTests.swift in Sources */ = {isa = PBXBuildFile; fileRef = 61EF95A1292D10D7009ABDF0 /* ExtensionTests.swift */; };
		61EF95A4292D11CB009ABDF0 /* Sequence-Sorting.swift in Sources */ = {isa = PBXBuildFile; fileRef = 61EF95A3292D11CB009ABDF0 /* Sequence-Sorting.swift */; };
		61EF95A7292D25B7009ABDF0 /* DecodableDictionary.json in Resources */ = {isa = PBXBuildFile; fileRef = 61EF95A6292D25B7009ABDF0 /* DecodableDictionary.json */; };
		61EF95A9292E4996009ABDF0 /* DecodableString.json in Resources */ = {isa = PBXBuildFile; fileRef = 61EF95A8292E4996009ABDF0 /* DecodableString.json */; };
/* End PBXBuildFile section */

/* Begin PBXContainerItemProxy section */
		617867F8292F2EB800B42377 /* PBXContainerItemProxy */ = {
			isa = PBXContainerItemProxy;
			containerPortal = 619E4F1E29083879007F9C30 /* Project object */;
			proxyType = 1;
			remoteGlobalIDString = 619E4F2529083879007F9C30;
			remoteInfo = UltimatePortfolio;
		};
		61A80771292C10F200AE92AB /* PBXContainerItemProxy */ = {
			isa = PBXContainerItemProxy;
			containerPortal = 619E4F1E29083879007F9C30 /* Project object */;
			proxyType = 1;
			remoteGlobalIDString = 619E4F2529083879007F9C30;
			remoteInfo = UltimatePortfolio;
		};
/* End PBXContainerItemProxy section */

/* Begin PBXFileReference section */
		611A50382922BC890025E3EC /* EditProjectView.swift */ = {isa = PBXFileReference; lastKnownFileType = sourcecode.swift; path = EditProjectView.swift; sourceTree = "<group>"; };
		6129DEA52925BB9D0017539C /* Bundle-Decodable.swift */ = {isa = PBXFileReference; lastKnownFileType = sourcecode.swift; path = "Bundle-Decodable.swift"; sourceTree = "<group>"; };
		6129DEA72925C4DB0017539C /* Award.swift */ = {isa = PBXFileReference; lastKnownFileType = sourcecode.swift; path = Award.swift; sourceTree = "<group>"; };
		6129DEAA2925C72C0017539C /* AwardsView.swift */ = {isa = PBXFileReference; lastKnownFileType = sourcecode.swift; path = AwardsView.swift; sourceTree = "<group>"; };
		6129DEAC2926072C0017539C /* Color-Additions.swift */ = {isa = PBXFileReference; lastKnownFileType = sourcecode.swift; path = "Color-Additions.swift"; sourceTree = "<group>"; };
		6129DEB3292769820017539C /* en */ = {isa = PBXFileReference; lastKnownFileType = text.plist.strings; name = en; path = en.lproj/Localizable.strings; sourceTree = "<group>"; };
		6129DEB5292769AD0017539C /* ru */ = {isa = PBXFileReference; lastKnownFileType = text.plist.strings; name = ru; path = ru.lproj/Localizable.strings; sourceTree = "<group>"; };
		6129DEB729276D810017539C /* en */ = {isa = PBXFileReference; lastKnownFileType = text.plist.stringsdict; name = en; path = en.lproj/Localizable.stringsdict; sourceTree = "<group>"; };
		6129DEB929276D870017539C /* ru */ = {isa = PBXFileReference; lastKnownFileType = text.plist.stringsdict; name = ru; path = ru.lproj/Localizable.stringsdict; sourceTree = "<group>"; };
		6129DEBB29276FB40017539C /* en */ = {isa = PBXFileReference; lastKnownFileType = text.json; name = en; path = en.lproj/Awards.json; sourceTree = "<group>"; };
		6129DEBD29276FC60017539C /* ru */ = {isa = PBXFileReference; lastKnownFileType = text.json; name = ru; path = ru.lproj/Awards.json; sourceTree = "<group>"; };
		6129DEBE29281A1D0017539C /* ItemListView.swift */ = {isa = PBXFileReference; lastKnownFileType = sourcecode.swift; path = ItemListView.swift; sourceTree = "<group>"; };
		6129DEC02928427E0017539C /* ProjectSummaryView.swift */ = {isa = PBXFileReference; lastKnownFileType = sourcecode.swift; path = ProjectSummaryView.swift; sourceTree = "<group>"; };
		617867EB292E68BD00B42377 /* PerformanceTests.swift */ = {isa = PBXFileReference; lastKnownFileType = sourcecode.swift; path = PerformanceTests.swift; sourceTree = "<group>"; };
		617867F2292F2EB800B42377 /* UltimatePortfolioUITests.xctest */ = {isa = PBXFileReference; explicitFileType = wrapper.cfbundle; includeInIndex = 0; path = UltimatePortfolioUITests.xctest; sourceTree = BUILT_PRODUCTS_DIR; };
		617867F4292F2EB800B42377 /* UltimatePortfolioUITests.swift */ = {isa = PBXFileReference; lastKnownFileType = sourcecode.swift; path = UltimatePortfolioUITests.swift; sourceTree = "<group>"; };
		617867F6292F2EB800B42377 /* UltimatePortfolioUITestsLaunchTests.swift */ = {isa = PBXFileReference; lastKnownFileType = sourcecode.swift; path = UltimatePortfolioUITestsLaunchTests.swift; sourceTree = "<group>"; };
		617DE14429334D010022DC2C /* ProjectsViewModel.swift */ = {isa = PBXFileReference; lastKnownFileType = sourcecode.swift; path = ProjectsViewModel.swift; sourceTree = "<group>"; };
		617DE1462933C4EA0022DC2C /* HomeViewModel.swift */ = {isa = PBXFileReference; lastKnownFileType = sourcecode.swift; path = HomeViewModel.swift; sourceTree = "<group>"; };
		617DE1482934AEEE0022DC2C /* ItemRowViewModel.swift */ = {isa = PBXFileReference; lastKnownFileType = sourcecode.swift; path = ItemRowViewModel.swift; sourceTree = "<group>"; };
		6192EA212909CF7400DF6E8C /* HomeView.swift */ = {isa = PBXFileReference; lastKnownFileType = sourcecode.swift; path = HomeView.swift; sourceTree = "<group>"; };
		6192EA232909DCCB00DF6E8C /* ProjectsView.swift */ = {isa = PBXFileReference; lastKnownFileType = sourcecode.swift; path = ProjectsView.swift; sourceTree = "<group>"; };
		6192EA25290AAB7800DF6E8C /* Item-CoreDataHelpers.swift */ = {isa = PBXFileReference; lastKnownFileType = sourcecode.swift; path = "Item-CoreDataHelpers.swift"; sourceTree = "<group>"; };
		6192EA27290AAB8600DF6E8C /* Project-CoreDataHelpers.swift */ = {isa = PBXFileReference; lastKnownFileType = sourcecode.swift; path = "Project-CoreDataHelpers.swift"; sourceTree = "<group>"; };
		6192EA2B290B1FAE00DF6E8C /* UltimatePortfolio.entitlements */ = {isa = PBXFileReference; fileEncoding = 4; lastKnownFileType = text.plist.entitlements; path = UltimatePortfolio.entitlements; sourceTree = "<group>"; };
		6192EA2C290B254900DF6E8C /* EditItemView.swift */ = {isa = PBXFileReference; lastKnownFileType = sourcecode.swift; path = EditItemView.swift; sourceTree = "<group>"; };
		6192EA2E290B693900DF6E8C /* ItemRowView.swift */ = {isa = PBXFileReference; lastKnownFileType = sourcecode.swift; path = ItemRowView.swift; sourceTree = "<group>"; };
		6192EA30290BD75500DF6E8C /* Binding-OnChange.swift */ = {isa = PBXFileReference; lastKnownFileType = sourcecode.swift; path = "Binding-OnChange.swift"; sourceTree = "<group>"; };
		6192EA32290BEEFF00DF6E8C /* ProjectHeaderView.swift */ = {isa = PBXFileReference; lastKnownFileType = sourcecode.swift; path = ProjectHeaderView.swift; sourceTree = "<group>"; };
		6192EA34290BFA5800DF6E8C /* Colors.xcassets */ = {isa = PBXFileReference; lastKnownFileType = folder.assetcatalog; path = Colors.xcassets; sourceTree = "<group>"; };
		619E4F262908387A007F9C30 /* UltimatePortfolio.app */ = {isa = PBXFileReference; explicitFileType = wrapper.application; includeInIndex = 0; path = UltimatePortfolio.app; sourceTree = BUILT_PRODUCTS_DIR; };
		619E4F292908387A007F9C30 /* UltimatePortfolioApp.swift */ = {isa = PBXFileReference; lastKnownFileType = sourcecode.swift; path = UltimatePortfolioApp.swift; sourceTree = "<group>"; };
		619E4F2B2908387A007F9C30 /* ContentView.swift */ = {isa = PBXFileReference; lastKnownFileType = sourcecode.swift; path = ContentView.swift; sourceTree = "<group>"; };
		619E4F2D2908387D007F9C30 /* Assets.xcassets */ = {isa = PBXFileReference; lastKnownFileType = folder.assetcatalog; path = Assets.xcassets; sourceTree = "<group>"; };
		619E4F302908387D007F9C30 /* Preview Assets.xcassets */ = {isa = PBXFileReference; lastKnownFileType = folder.assetcatalog; path = "Preview Assets.xcassets"; sourceTree = "<group>"; };
		619E4F3829083945007F9C30 /* Main.xcdatamodel */ = {isa = PBXFileReference; lastKnownFileType = wrapper.xcdatamodel; path = Main.xcdatamodel; sourceTree = "<group>"; };
		619E4F3A2908AE10007F9C30 /* DataController.swift */ = {isa = PBXFileReference; lastKnownFileType = sourcecode.swift; path = DataController.swift; sourceTree = "<group>"; };
		61A80763292B5ABD00AE92AB /* Info.plist */ = {isa = PBXFileReference; fileEncoding = 4; lastKnownFileType = text.plist.xml; path = Info.plist; sourceTree = "<group>"; };
		61A8076D292C10F200AE92AB /* UltimatePortfolioTests.xctest */ = {isa = PBXFileReference; explicitFileType = wrapper.cfbundle; includeInIndex = 0; path = UltimatePortfolioTests.xctest; sourceTree = BUILT_PRODUCTS_DIR; };
		61A8076F292C10F200AE92AB /* BaseTestCase.swift */ = {isa = PBXFileReference; lastKnownFileType = sourcecode.swift; path = BaseTestCase.swift; sourceTree = "<group>"; };
		61EF9599292C9FB7009ABDF0 /* AssetTests.swift */ = {isa = PBXFileReference; lastKnownFileType = sourcecode.swift; path = AssetTests.swift; sourceTree = "<group>"; };
		61EF959B292CC2F3009ABDF0 /* ProjectTests.swift */ = {isa = PBXFileReference; lastKnownFileType = sourcecode.swift; path = ProjectTests.swift; sourceTree = "<group>"; };
		61EF959D292CD7F1009ABDF0 /* AwardTests.swift */ = {isa = PBXFileReference; lastKnownFileType = sourcecode.swift; path = AwardTests.swift; sourceTree = "<group>"; };
		61EF959F292CEA1B009ABDF0 /* DevelopmentTests.swift */ = {isa = PBXFileReference; lastKnownFileType = sourcecode.swift; path = DevelopmentTests.swift; sourceTree = "<group>"; };
		61EF95A1292D10D7009ABDF0 /* ExtensionTests.swift */ = {isa = PBXFileReference; lastKnownFileType = sourcecode.swift; path = ExtensionTests.swift; sourceTree = "<group>"; };
		61EF95A3292D11CB009ABDF0 /* Sequence-Sorting.swift */ = {isa = PBXFileReference; lastKnownFileType = sourcecode.swift; path = "Sequence-Sorting.swift"; sourceTree = "<group>"; };
		61EF95A6292D25B7009ABDF0 /* DecodableDictionary.json */ = {isa = PBXFileReference; lastKnownFileType = text.json; path = DecodableDictionary.json; sourceTree = "<group>"; };
		61EF95A8292E4996009ABDF0 /* DecodableString.json */ = {isa = PBXFileReference; lastKnownFileType = text.json; path = DecodableString.json; sourceTree = "<group>"; };
/* End PBXFileReference section */

/* Begin PBXFrameworksBuildPhase section */
		617867EF292F2EB800B42377 /* Frameworks */ = {
			isa = PBXFrameworksBuildPhase;
			buildActionMask = 2147483647;
			files = (
			);
			runOnlyForDeploymentPostprocessing = 0;
		};
		619E4F2329083879007F9C30 /* Frameworks */ = {
			isa = PBXFrameworksBuildPhase;
			buildActionMask = 2147483647;
			files = (
			);
			runOnlyForDeploymentPostprocessing = 0;
		};
		61A8076A292C10F200AE92AB /* Frameworks */ = {
			isa = PBXFrameworksBuildPhase;
			buildActionMask = 2147483647;
			files = (
			);
			runOnlyForDeploymentPostprocessing = 0;
		};
/* End PBXFrameworksBuildPhase section */

/* Begin PBXGroup section */
		6129DEC6292B54B80017539C /* Extensions */ = {
			isa = PBXGroup;
			children = (
				6192EA27290AAB8600DF6E8C /* Project-CoreDataHelpers.swift */,
				6192EA25290AAB7800DF6E8C /* Item-CoreDataHelpers.swift */,
				6129DEA52925BB9D0017539C /* Bundle-Decodable.swift */,
				6192EA30290BD75500DF6E8C /* Binding-OnChange.swift */,
				6129DEAC2926072C0017539C /* Color-Additions.swift */,
				61EF95A3292D11CB009ABDF0 /* Sequence-Sorting.swift */,
			);
			path = Extensions;
			sourceTree = "<group>";
		};
		6129DEC7292B55C80017539C /* Localization */ = {
			isa = PBXGroup;
			children = (
				6129DEB4292769820017539C /* Localizable.strings */,
				6129DEB829276D810017539C /* Localizable.stringsdict */,
			);
			path = Localization;
			sourceTree = "<group>";
		};
		6129DECA292B56830017539C /* Configuration */ = {
			isa = PBXGroup;
			children = (
				61A80763292B5ABD00AE92AB /* Info.plist */,
				619E4F3729083945007F9C30 /* Main.xcdatamodeld */,
				6192EA2B290B1FAE00DF6E8C /* UltimatePortfolio.entitlements */,
			);
			path = Configuration;
			sourceTree = "<group>";
		};
		617867F3292F2EB800B42377 /* UltimatePortfolioUITests */ = {
			isa = PBXGroup;
			children = (
				617867F4292F2EB800B42377 /* UltimatePortfolioUITests.swift */,
				617867F6292F2EB800B42377 /* UltimatePortfolioUITestsLaunchTests.swift */,
			);
			path = UltimatePortfolioUITests;
			sourceTree = "<group>";
		};
		619E4F1D29083879007F9C30 = {
			isa = PBXGroup;
			children = (
				619E4F282908387A007F9C30 /* UltimatePortfolio */,
				61A8076E292C10F200AE92AB /* UltimatePortfolioTests */,
				617867F3292F2EB800B42377 /* UltimatePortfolioUITests */,
				619E4F272908387A007F9C30 /* Products */,
			);
			sourceTree = "<group>";
		};
		619E4F272908387A007F9C30 /* Products */ = {
			isa = PBXGroup;
			children = (
				619E4F262908387A007F9C30 /* UltimatePortfolio.app */,
				61A8076D292C10F200AE92AB /* UltimatePortfolioTests.xctest */,
				617867F2292F2EB800B42377 /* UltimatePortfolioUITests.xctest */,
			);
			name = Products;
			sourceTree = "<group>";
		};
		619E4F282908387A007F9C30 /* UltimatePortfolio */ = {
			isa = PBXGroup;
			children = (
				619E4F292908387A007F9C30 /* UltimatePortfolioApp.swift */,
				619E4F3A2908AE10007F9C30 /* DataController.swift */,
				619E4F2B2908387A007F9C30 /* ContentView.swift */,
				61A80765292B607600AE92AB /* Activities */,
				6129DEC6292B54B80017539C /* Extensions */,
				6129DECA292B56830017539C /* Configuration */,
				6129DEC7292B55C80017539C /* Localization */,
				619E4F2D2908387D007F9C30 /* Assets.xcassets */,
				6192EA34290BFA5800DF6E8C /* Colors.xcassets */,
				619E4F2F2908387D007F9C30 /* Preview Content */,
			);
			path = UltimatePortfolio;
			sourceTree = "<group>";
		};
		619E4F2F2908387D007F9C30 /* Preview Content */ = {
			isa = PBXGroup;
			children = (
				619E4F302908387D007F9C30 /* Preview Assets.xcassets */,
			);
			path = "Preview Content";
			sourceTree = "<group>";
		};
		61A80765292B607600AE92AB /* Activities */ = {
			isa = PBXGroup;
			children = (
				61A80766292B607C00AE92AB /* Home */,
				61A80767292B609B00AE92AB /* Projects */,
				61A80768292B60A100AE92AB /* Awards */,
			);
			path = Activities;
			sourceTree = "<group>";
		};
		61A80766292B607C00AE92AB /* Home */ = {
			isa = PBXGroup;
			children = (
				6192EA212909CF7400DF6E8C /* HomeView.swift */,
				617DE1462933C4EA0022DC2C /* HomeViewModel.swift */,
				6129DEC02928427E0017539C /* ProjectSummaryView.swift */,
				6129DEBE29281A1D0017539C /* ItemListView.swift */,
			);
			path = Home;
			sourceTree = "<group>";
		};
		61A80767292B609B00AE92AB /* Projects */ = {
			isa = PBXGroup;
			children = (
				6192EA232909DCCB00DF6E8C /* ProjectsView.swift */,
				617DE14429334D010022DC2C /* ProjectsViewModel.swift */,
				6192EA32290BEEFF00DF6E8C /* ProjectHeaderView.swift */,
				611A50382922BC890025E3EC /* EditProjectView.swift */,
				6192EA2E290B693900DF6E8C /* ItemRowView.swift */,
				617DE1482934AEEE0022DC2C /* ItemRowViewModel.swift */,
				6192EA2C290B254900DF6E8C /* EditItemView.swift */,
			);
			path = Projects;
			sourceTree = "<group>";
		};
		61A80768292B60A100AE92AB /* Awards */ = {
			isa = PBXGroup;
			children = (
				6129DEAA2925C72C0017539C /* AwardsView.swift */,
				6129DEA72925C4DB0017539C /* Award.swift */,
				6129DEBC29276FB40017539C /* Awards.json */,
			);
			path = Awards;
			sourceTree = "<group>";
		};
		61A8076E292C10F200AE92AB /* UltimatePortfolioTests */ = {
			isa = PBXGroup;
			children = (
				61A8076F292C10F200AE92AB /* BaseTestCase.swift */,
				61EF959F292CEA1B009ABDF0 /* DevelopmentTests.swift */,
				61EF95A1292D10D7009ABDF0 /* ExtensionTests.swift */,
				61EF9599292C9FB7009ABDF0 /* AssetTests.swift */,
				61EF959B292CC2F3009ABDF0 /* ProjectTests.swift */,
				61EF959D292CD7F1009ABDF0 /* AwardTests.swift */,
				617867EB292E68BD00B42377 /* PerformanceTests.swift */,
				61EF95A5292D254F009ABDF0 /* Fixtures */,
			);
			path = UltimatePortfolioTests;
			sourceTree = "<group>";
		};
		61EF95A5292D254F009ABDF0 /* Fixtures */ = {
			isa = PBXGroup;
			children = (
				61EF95A6292D25B7009ABDF0 /* DecodableDictionary.json */,
				61EF95A8292E4996009ABDF0 /* DecodableString.json */,
			);
			path = Fixtures;
			sourceTree = "<group>";
		};
/* End PBXGroup section */

/* Begin PBXNativeTarget section */
		617867F1292F2EB800B42377 /* UltimatePortfolioUITests */ = {
			isa = PBXNativeTarget;
			buildConfigurationList = 617867FA292F2EB800B42377 /* Build configuration list for PBXNativeTarget "UltimatePortfolioUITests" */;
			buildPhases = (
				617867EE292F2EB800B42377 /* Sources */,
				617867EF292F2EB800B42377 /* Frameworks */,
				617867F0292F2EB800B42377 /* Resources */,
			);
			buildRules = (
			);
			dependencies = (
				617867F9292F2EB800B42377 /* PBXTargetDependency */,
			);
			name = UltimatePortfolioUITests;
			productName = UltimatePortfolioUITests;
			productReference = 617867F2292F2EB800B42377 /* UltimatePortfolioUITests.xctest */;
			productType = "com.apple.product-type.bundle.ui-testing";
		};
		619E4F2529083879007F9C30 /* UltimatePortfolio */ = {
			isa = PBXNativeTarget;
			buildConfigurationList = 619E4F342908387D007F9C30 /* Build configuration list for PBXNativeTarget "UltimatePortfolio" */;
			buildPhases = (
				6129DEC2292B13240017539C /* SwiftLint */,
				619E4F2229083879007F9C30 /* Sources */,
				619E4F2329083879007F9C30 /* Frameworks */,
				619E4F2429083879007F9C30 /* Resources */,
			);
			buildRules = (
			);
			dependencies = (
			);
			name = UltimatePortfolio;
			productName = UltimatePortfolio;
			productReference = 619E4F262908387A007F9C30 /* UltimatePortfolio.app */;
			productType = "com.apple.product-type.application";
		};
		61A8076C292C10F200AE92AB /* UltimatePortfolioTests */ = {
			isa = PBXNativeTarget;
			buildConfigurationList = 61A80773292C10F200AE92AB /* Build configuration list for PBXNativeTarget "UltimatePortfolioTests" */;
			buildPhases = (
				61A80769292C10F200AE92AB /* Sources */,
				61A8076A292C10F200AE92AB /* Frameworks */,
				61A8076B292C10F200AE92AB /* Resources */,
			);
			buildRules = (
			);
			dependencies = (
				61A80772292C10F200AE92AB /* PBXTargetDependency */,
			);
			name = UltimatePortfolioTests;
			productName = UltimatePortfolioTests;
			productReference = 61A8076D292C10F200AE92AB /* UltimatePortfolioTests.xctest */;
			productType = "com.apple.product-type.bundle.unit-test";
		};
/* End PBXNativeTarget section */

/* Begin PBXProject section */
		619E4F1E29083879007F9C30 /* Project object */ = {
			isa = PBXProject;
			attributes = {
				BuildIndependentTargetsInParallel = 1;
				LastSwiftUpdateCheck = 1410;
				LastUpgradeCheck = 1400;
				TargetAttributes = {
					617867F1292F2EB800B42377 = {
						CreatedOnToolsVersion = 14.1;
						TestTargetID = 619E4F2529083879007F9C30;
					};
					619E4F2529083879007F9C30 = {
						CreatedOnToolsVersion = 14.0;
					};
					61A8076C292C10F200AE92AB = {
						CreatedOnToolsVersion = 14.1;
						TestTargetID = 619E4F2529083879007F9C30;
					};
				};
			};
			buildConfigurationList = 619E4F2129083879007F9C30 /* Build configuration list for PBXProject "UltimatePortfolio" */;
			compatibilityVersion = "Xcode 14.0";
			developmentRegion = en;
			hasScannedForEncodings = 0;
			knownRegions = (
				en,
				Base,
				ru,
			);
			mainGroup = 619E4F1D29083879007F9C30;
			productRefGroup = 619E4F272908387A007F9C30 /* Products */;
			projectDirPath = "";
			projectRoot = "";
			targets = (
				619E4F2529083879007F9C30 /* UltimatePortfolio */,
				61A8076C292C10F200AE92AB /* UltimatePortfolioTests */,
				617867F1292F2EB800B42377 /* UltimatePortfolioUITests */,
			);
		};
/* End PBXProject section */

/* Begin PBXResourcesBuildPhase section */
		617867F0292F2EB800B42377 /* Resources */ = {
			isa = PBXResourcesBuildPhase;
			buildActionMask = 2147483647;
			files = (
			);
			runOnlyForDeploymentPostprocessing = 0;
		};
		619E4F2429083879007F9C30 /* Resources */ = {
			isa = PBXResourcesBuildPhase;
			buildActionMask = 2147483647;
			files = (
				6129DEB2292769820017539C /* Localizable.strings in Resources */,
				6192EA35290BFA5800DF6E8C /* Colors.xcassets in Resources */,
				6129DEBA29276FB40017539C /* Awards.json in Resources */,
				619E4F312908387D007F9C30 /* Preview Assets.xcassets in Resources */,
				619E4F2E2908387D007F9C30 /* Assets.xcassets in Resources */,
				6129DEB629276D810017539C /* Localizable.stringsdict in Resources */,
			);
			runOnlyForDeploymentPostprocessing = 0;
		};
		61A8076B292C10F200AE92AB /* Resources */ = {
			isa = PBXResourcesBuildPhase;
			buildActionMask = 2147483647;
			files = (
				61EF95A9292E4996009ABDF0 /* DecodableString.json in Resources */,
				61EF95A7292D25B7009ABDF0 /* DecodableDictionary.json in Resources */,
			);
			runOnlyForDeploymentPostprocessing = 0;
		};
/* End PBXResourcesBuildPhase section */

/* Begin PBXShellScriptBuildPhase section */
		6129DEC2292B13240017539C /* SwiftLint */ = {
			isa = PBXShellScriptBuildPhase;
			alwaysOutOfDate = 1;
			buildActionMask = 2147483647;
			files = (
			);
			inputFileListPaths = (
			);
			inputPaths = (
			);
			name = SwiftLint;
			outputFileListPaths = (
			);
			outputPaths = (
			);
			runOnlyForDeploymentPostprocessing = 0;
			shellPath = /bin/sh;
			shellScript = "if which swiftlint >/dev/null; then\n  swiftlint\nelse\n  echo \"warning: SwiftLint not installed, download from https://github.com/realm/SwiftLint\"\nfi\n";
		};
/* End PBXShellScriptBuildPhase section */

/* Begin PBXSourcesBuildPhase section */
		617867EE292F2EB800B42377 /* Sources */ = {
			isa = PBXSourcesBuildPhase;
			buildActionMask = 2147483647;
			files = (
				617867F7292F2EB800B42377 /* UltimatePortfolioUITestsLaunchTests.swift in Sources */,
				617867F5292F2EB800B42377 /* UltimatePortfolioUITests.swift in Sources */,
			);
			runOnlyForDeploymentPostprocessing = 0;
		};
		619E4F2229083879007F9C30 /* Sources */ = {
			isa = PBXSourcesBuildPhase;
			buildActionMask = 2147483647;
			files = (
				6192EA242909DCCB00DF6E8C /* ProjectsView.swift in Sources */,
				617DE1472933C4EA0022DC2C /* HomeViewModel.swift in Sources */,
				61EF95A4292D11CB009ABDF0 /* Sequence-Sorting.swift in Sources */,
				6192EA33290BEF0000DF6E8C /* ProjectHeaderView.swift in Sources */,
				619E4F3929083945007F9C30 /* Main.xcdatamodeld in Sources */,
				6192EA28290AAB8600DF6E8C /* Project-CoreDataHelpers.swift in Sources */,
				6129DEAB2925C72C0017539C /* AwardsView.swift in Sources */,
				611A50392922BC890025E3EC /* EditProjectView.swift in Sources */,
				6129DEAD2926072C0017539C /* Color-Additions.swift in Sources */,
				6129DEA62925BB9D0017539C /* Bundle-Decodable.swift in Sources */,
				6129DEC12928427E0017539C /* ProjectSummaryView.swift in Sources */,
				619E4F3B2908AE10007F9C30 /* DataController.swift in Sources */,
				617DE1492934AEEE0022DC2C /* ItemRowViewModel.swift in Sources */,
				6192EA2F290B693A00DF6E8C /* ItemRowView.swift in Sources */,
				619E4F2C2908387A007F9C30 /* ContentView.swift in Sources */,
				6192EA31290BD75500DF6E8C /* Binding-OnChange.swift in Sources */,
				6192EA222909CF7400DF6E8C /* HomeView.swift in Sources */,
				6129DEBF29281A1D0017539C /* ItemListView.swift in Sources */,
				617DE14529334D010022DC2C /* ProjectsViewModel.swift in Sources */,
				619E4F2A2908387A007F9C30 /* UltimatePortfolioApp.swift in Sources */,
				6192EA26290AAB7800DF6E8C /* Item-CoreDataHelpers.swift in Sources */,
				6129DEA82925C4DB0017539C /* Award.swift in Sources */,
				6192EA2D290B254900DF6E8C /* EditItemView.swift in Sources */,
			);
			runOnlyForDeploymentPostprocessing = 0;
		};
		61A80769292C10F200AE92AB /* Sources */ = {
			isa = PBXSourcesBuildPhase;
			buildActionMask = 2147483647;
			files = (
				617867EC292E68BD00B42377 /* PerformanceTests.swift in Sources */,
				61EF959A292C9FB7009ABDF0 /* AssetTests.swift in Sources */,
				61EF959E292CD7F1009ABDF0 /* AwardTests.swift in Sources */,
				61A80770292C10F200AE92AB /* BaseTestCase.swift in Sources */,
				61EF95A2292D10D8009ABDF0 /* ExtensionTests.swift in Sources */,
				61EF959C292CC2F3009ABDF0 /* ProjectTests.swift in Sources */,
				61EF95A0292CEA1C009ABDF0 /* DevelopmentTests.swift in Sources */,
			);
			runOnlyForDeploymentPostprocessing = 0;
		};
/* End PBXSourcesBuildPhase section */

/* Begin PBXTargetDependency section */
		617867F9292F2EB800B42377 /* PBXTargetDependency */ = {
			isa = PBXTargetDependency;
			target = 619E4F2529083879007F9C30 /* UltimatePortfolio */;
			targetProxy = 617867F8292F2EB800B42377 /* PBXContainerItemProxy */;
		};
		61A80772292C10F200AE92AB /* PBXTargetDependency */ = {
			isa = PBXTargetDependency;
			target = 619E4F2529083879007F9C30 /* UltimatePortfolio */;
			targetProxy = 61A80771292C10F200AE92AB /* PBXContainerItemProxy */;
		};
/* End PBXTargetDependency section */

/* Begin PBXVariantGroup section */
		6129DEB4292769820017539C /* Localizable.strings */ = {
			isa = PBXVariantGroup;
			children = (
				6129DEB3292769820017539C /* en */,
				6129DEB5292769AD0017539C /* ru */,
			);
			name = Localizable.strings;
			sourceTree = "<group>";
		};
		6129DEB829276D810017539C /* Localizable.stringsdict */ = {
			isa = PBXVariantGroup;
			children = (
				6129DEB729276D810017539C /* en */,
				6129DEB929276D870017539C /* ru */,
			);
			name = Localizable.stringsdict;
			sourceTree = "<group>";
		};
		6129DEBC29276FB40017539C /* Awards.json */ = {
			isa = PBXVariantGroup;
			children = (
				6129DEBB29276FB40017539C /* en */,
				6129DEBD29276FC60017539C /* ru */,
			);
			name = Awards.json;
			sourceTree = "<group>";
		};
/* End PBXVariantGroup section */

/* Begin XCBuildConfiguration section */
		617867FB292F2EB800B42377 /* Debug */ = {
			isa = XCBuildConfiguration;
			buildSettings = {
				CODE_SIGN_STYLE = Automatic;
				CURRENT_PROJECT_VERSION = 1;
				DEVELOPMENT_TEAM = 8N374Q5Y84;
				GENERATE_INFOPLIST_FILE = YES;
				IPHONEOS_DEPLOYMENT_TARGET = 16.1;
				MACOSX_DEPLOYMENT_TARGET = 13.0;
				MARKETING_VERSION = 1.0;
				PRODUCT_BUNDLE_IDENTIFIER = com.Tsugur.UltimatePortfolioUITests;
				PRODUCT_NAME = "$(TARGET_NAME)";
				SDKROOT = auto;
				SUPPORTED_PLATFORMS = "iphoneos iphonesimulator macosx";
				SWIFT_EMIT_LOC_STRINGS = NO;
				SWIFT_VERSION = 5.0;
				TARGETED_DEVICE_FAMILY = "1,2";
				TEST_TARGET_NAME = UltimatePortfolio;
			};
			name = Debug;
		};
		617867FC292F2EB800B42377 /* Release */ = {
			isa = XCBuildConfiguration;
			buildSettings = {
				CODE_SIGN_STYLE = Automatic;
				CURRENT_PROJECT_VERSION = 1;
				DEVELOPMENT_TEAM = 8N374Q5Y84;
				GENERATE_INFOPLIST_FILE = YES;
				IPHONEOS_DEPLOYMENT_TARGET = 16.1;
				MACOSX_DEPLOYMENT_TARGET = 13.0;
				MARKETING_VERSION = 1.0;
				PRODUCT_BUNDLE_IDENTIFIER = com.Tsugur.UltimatePortfolioUITests;
				PRODUCT_NAME = "$(TARGET_NAME)";
				SDKROOT = auto;
				SUPPORTED_PLATFORMS = "iphoneos iphonesimulator macosx";
				SWIFT_EMIT_LOC_STRINGS = NO;
				SWIFT_VERSION = 5.0;
				TARGETED_DEVICE_FAMILY = "1,2";
				TEST_TARGET_NAME = UltimatePortfolio;
			};
			name = Release;
		};
		619E4F322908387D007F9C30 /* Debug */ = {
			isa = XCBuildConfiguration;
			buildSettings = {
				ALWAYS_SEARCH_USER_PATHS = NO;
				CLANG_ANALYZER_NONNULL = YES;
				CLANG_ANALYZER_NUMBER_OBJECT_CONVERSION = YES_AGGRESSIVE;
				CLANG_CXX_LANGUAGE_STANDARD = "gnu++20";
				CLANG_ENABLE_MODULES = YES;
				CLANG_ENABLE_OBJC_ARC = YES;
				CLANG_ENABLE_OBJC_WEAK = YES;
				CLANG_WARN_BLOCK_CAPTURE_AUTORELEASING = YES;
				CLANG_WARN_BOOL_CONVERSION = YES;
				CLANG_WARN_COMMA = YES;
				CLANG_WARN_CONSTANT_CONVERSION = YES;
				CLANG_WARN_DEPRECATED_OBJC_IMPLEMENTATIONS = YES;
				CLANG_WARN_DIRECT_OBJC_ISA_USAGE = YES_ERROR;
				CLANG_WARN_DOCUMENTATION_COMMENTS = YES;
				CLANG_WARN_EMPTY_BODY = YES;
				CLANG_WARN_ENUM_CONVERSION = YES;
				CLANG_WARN_INFINITE_RECURSION = YES;
				CLANG_WARN_INT_CONVERSION = YES;
				CLANG_WARN_NON_LITERAL_NULL_CONVERSION = YES;
				CLANG_WARN_OBJC_IMPLICIT_RETAIN_SELF = YES;
				CLANG_WARN_OBJC_LITERAL_CONVERSION = YES;
				CLANG_WARN_OBJC_ROOT_CLASS = YES_ERROR;
				CLANG_WARN_QUOTED_INCLUDE_IN_FRAMEWORK_HEADER = YES;
				CLANG_WARN_RANGE_LOOP_ANALYSIS = YES;
				CLANG_WARN_STRICT_PROTOTYPES = YES;
				CLANG_WARN_SUSPICIOUS_MOVE = YES;
				CLANG_WARN_UNGUARDED_AVAILABILITY = YES_AGGRESSIVE;
				CLANG_WARN_UNREACHABLE_CODE = YES;
				CLANG_WARN__DUPLICATE_METHOD_MATCH = YES;
				COPY_PHASE_STRIP = NO;
				DEBUG_INFORMATION_FORMAT = dwarf;
				ENABLE_STRICT_OBJC_MSGSEND = YES;
				ENABLE_TESTABILITY = YES;
				GCC_C_LANGUAGE_STANDARD = gnu11;
				GCC_DYNAMIC_NO_PIC = NO;
				GCC_NO_COMMON_BLOCKS = YES;
				GCC_OPTIMIZATION_LEVEL = 0;
				GCC_PREPROCESSOR_DEFINITIONS = (
					"DEBUG=1",
					"$(inherited)",
				);
				GCC_WARN_64_TO_32_BIT_CONVERSION = YES;
				GCC_WARN_ABOUT_RETURN_TYPE = YES_ERROR;
				GCC_WARN_UNDECLARED_SELECTOR = YES;
				GCC_WARN_UNINITIALIZED_AUTOS = YES_AGGRESSIVE;
				GCC_WARN_UNUSED_FUNCTION = YES;
				GCC_WARN_UNUSED_VARIABLE = YES;
				IPHONEOS_DEPLOYMENT_TARGET = 16.0;
				MTL_ENABLE_DEBUG_INFO = INCLUDE_SOURCE;
				MTL_FAST_MATH = YES;
				ONLY_ACTIVE_ARCH = YES;
				SDKROOT = iphoneos;
				SWIFT_ACTIVE_COMPILATION_CONDITIONS = DEBUG;
				SWIFT_OPTIMIZATION_LEVEL = "-Onone";
			};
			name = Debug;
		};
		619E4F332908387D007F9C30 /* Release */ = {
			isa = XCBuildConfiguration;
			buildSettings = {
				ALWAYS_SEARCH_USER_PATHS = NO;
				CLANG_ANALYZER_NONNULL = YES;
				CLANG_ANALYZER_NUMBER_OBJECT_CONVERSION = YES_AGGRESSIVE;
				CLANG_CXX_LANGUAGE_STANDARD = "gnu++20";
				CLANG_ENABLE_MODULES = YES;
				CLANG_ENABLE_OBJC_ARC = YES;
				CLANG_ENABLE_OBJC_WEAK = YES;
				CLANG_WARN_BLOCK_CAPTURE_AUTORELEASING = YES;
				CLANG_WARN_BOOL_CONVERSION = YES;
				CLANG_WARN_COMMA = YES;
				CLANG_WARN_CONSTANT_CONVERSION = YES;
				CLANG_WARN_DEPRECATED_OBJC_IMPLEMENTATIONS = YES;
				CLANG_WARN_DIRECT_OBJC_ISA_USAGE = YES_ERROR;
				CLANG_WARN_DOCUMENTATION_COMMENTS = YES;
				CLANG_WARN_EMPTY_BODY = YES;
				CLANG_WARN_ENUM_CONVERSION = YES;
				CLANG_WARN_INFINITE_RECURSION = YES;
				CLANG_WARN_INT_CONVERSION = YES;
				CLANG_WARN_NON_LITERAL_NULL_CONVERSION = YES;
				CLANG_WARN_OBJC_IMPLICIT_RETAIN_SELF = YES;
				CLANG_WARN_OBJC_LITERAL_CONVERSION = YES;
				CLANG_WARN_OBJC_ROOT_CLASS = YES_ERROR;
				CLANG_WARN_QUOTED_INCLUDE_IN_FRAMEWORK_HEADER = YES;
				CLANG_WARN_RANGE_LOOP_ANALYSIS = YES;
				CLANG_WARN_STRICT_PROTOTYPES = YES;
				CLANG_WARN_SUSPICIOUS_MOVE = YES;
				CLANG_WARN_UNGUARDED_AVAILABILITY = YES_AGGRESSIVE;
				CLANG_WARN_UNREACHABLE_CODE = YES;
				CLANG_WARN__DUPLICATE_METHOD_MATCH = YES;
				COPY_PHASE_STRIP = NO;
				DEBUG_INFORMATION_FORMAT = "dwarf-with-dsym";
				ENABLE_NS_ASSERTIONS = NO;
				ENABLE_STRICT_OBJC_MSGSEND = YES;
				GCC_C_LANGUAGE_STANDARD = gnu11;
				GCC_NO_COMMON_BLOCKS = YES;
				GCC_WARN_64_TO_32_BIT_CONVERSION = YES;
				GCC_WARN_ABOUT_RETURN_TYPE = YES_ERROR;
				GCC_WARN_UNDECLARED_SELECTOR = YES;
				GCC_WARN_UNINITIALIZED_AUTOS = YES_AGGRESSIVE;
				GCC_WARN_UNUSED_FUNCTION = YES;
				GCC_WARN_UNUSED_VARIABLE = YES;
				IPHONEOS_DEPLOYMENT_TARGET = 16.0;
				MTL_ENABLE_DEBUG_INFO = NO;
				MTL_FAST_MATH = YES;
				SDKROOT = iphoneos;
				SWIFT_COMPILATION_MODE = wholemodule;
				SWIFT_OPTIMIZATION_LEVEL = "-O";
				VALIDATE_PRODUCT = YES;
			};
			name = Release;
		};
		619E4F352908387D007F9C30 /* Debug */ = {
			isa = XCBuildConfiguration;
			buildSettings = {
				ASSETCATALOG_COMPILER_APPICON_NAME = AppIcon;
				ASSETCATALOG_COMPILER_GLOBAL_ACCENT_COLOR_NAME = AccentColor;
				CODE_SIGN_ENTITLEMENTS = UltimatePortfolio/Configuration/UltimatePortfolio.entitlements;
				CODE_SIGN_STYLE = Automatic;
				CURRENT_PROJECT_VERSION = 1;
				DEVELOPMENT_ASSET_PATHS = "\"UltimatePortfolio/Preview Content\"";
				DEVELOPMENT_TEAM = 8N374Q5Y84;
				ENABLE_PREVIEWS = YES;
				GENERATE_INFOPLIST_FILE = YES;
				INFOPLIST_FILE = UltimatePortfolio/Configuration/Info.plist;
				INFOPLIST_KEY_UIApplicationSceneManifest_Generation = YES;
				INFOPLIST_KEY_UIApplicationSupportsIndirectInputEvents = YES;
				INFOPLIST_KEY_UILaunchScreen_Generation = YES;
				INFOPLIST_KEY_UISupportedInterfaceOrientations_iPad = "UIInterfaceOrientationPortrait UIInterfaceOrientationPortraitUpsideDown UIInterfaceOrientationLandscapeLeft UIInterfaceOrientationLandscapeRight";
				INFOPLIST_KEY_UISupportedInterfaceOrientations_iPhone = "UIInterfaceOrientationPortrait UIInterfaceOrientationLandscapeLeft UIInterfaceOrientationLandscapeRight";
				LD_RUNPATH_SEARCH_PATHS = (
					"$(inherited)",
					"@executable_path/Frameworks",
				);
				MARKETING_VERSION = 1.0;
				PRODUCT_BUNDLE_IDENTIFIER = com.Tsugur.UltimatePortfolio;
				PRODUCT_NAME = "$(TARGET_NAME)";
				SWIFT_EMIT_LOC_STRINGS = YES;
				SWIFT_VERSION = 5.0;
				TARGETED_DEVICE_FAMILY = "1,2";
			};
			name = Debug;
		};
		619E4F362908387D007F9C30 /* Release */ = {
			isa = XCBuildConfiguration;
			buildSettings = {
				ASSETCATALOG_COMPILER_APPICON_NAME = AppIcon;
				ASSETCATALOG_COMPILER_GLOBAL_ACCENT_COLOR_NAME = AccentColor;
				CODE_SIGN_ENTITLEMENTS = UltimatePortfolio/Configuration/UltimatePortfolio.entitlements;
				CODE_SIGN_STYLE = Automatic;
				CURRENT_PROJECT_VERSION = 1;
				DEVELOPMENT_ASSET_PATHS = "\"UltimatePortfolio/Preview Content\"";
				DEVELOPMENT_TEAM = 8N374Q5Y84;
				ENABLE_PREVIEWS = YES;
				GENERATE_INFOPLIST_FILE = YES;
				INFOPLIST_FILE = UltimatePortfolio/Configuration/Info.plist;
				INFOPLIST_KEY_UIApplicationSceneManifest_Generation = YES;
				INFOPLIST_KEY_UIApplicationSupportsIndirectInputEvents = YES;
				INFOPLIST_KEY_UILaunchScreen_Generation = YES;
				INFOPLIST_KEY_UISupportedInterfaceOrientations_iPad = "UIInterfaceOrientationPortrait UIInterfaceOrientationPortraitUpsideDown UIInterfaceOrientationLandscapeLeft UIInterfaceOrientationLandscapeRight";
				INFOPLIST_KEY_UISupportedInterfaceOrientations_iPhone = "UIInterfaceOrientationPortrait UIInterfaceOrientationLandscapeLeft UIInterfaceOrientationLandscapeRight";
				LD_RUNPATH_SEARCH_PATHS = (
					"$(inherited)",
					"@executable_path/Frameworks",
				);
				MARKETING_VERSION = 1.0;
				PRODUCT_BUNDLE_IDENTIFIER = com.Tsugur.UltimatePortfolio;
				PRODUCT_NAME = "$(TARGET_NAME)";
				SWIFT_EMIT_LOC_STRINGS = YES;
				SWIFT_VERSION = 5.0;
				TARGETED_DEVICE_FAMILY = "1,2";
			};
			name = Release;
		};
		61A80774292C10F200AE92AB /* Debug */ = {
			isa = XCBuildConfiguration;
			buildSettings = {
				BUNDLE_LOADER = "$(TEST_HOST)";
				CODE_SIGN_STYLE = Automatic;
				CURRENT_PROJECT_VERSION = 1;
				DEVELOPMENT_TEAM = 8N374Q5Y84;
				GENERATE_INFOPLIST_FILE = YES;
				IPHONEOS_DEPLOYMENT_TARGET = 16.1;
				MARKETING_VERSION = 1.0;
				PRODUCT_BUNDLE_IDENTIFIER = com.Tsugur.UltimatePortfolioTests;
				PRODUCT_NAME = "$(TARGET_NAME)";
				SWIFT_EMIT_LOC_STRINGS = NO;
				SWIFT_VERSION = 5.0;
				TARGETED_DEVICE_FAMILY = "1,2";
				TEST_HOST = "$(BUILT_PRODUCTS_DIR)/UltimatePortfolio.app/$(BUNDLE_EXECUTABLE_FOLDER_PATH)/UltimatePortfolio";
			};
			name = Debug;
		};
		61A80775292C10F200AE92AB /* Release */ = {
			isa = XCBuildConfiguration;
			buildSettings = {
				BUNDLE_LOADER = "$(TEST_HOST)";
				CODE_SIGN_STYLE = Automatic;
				CURRENT_PROJECT_VERSION = 1;
				DEVELOPMENT_TEAM = 8N374Q5Y84;
				GENERATE_INFOPLIST_FILE = YES;
				IPHONEOS_DEPLOYMENT_TARGET = 16.1;
				MARKETING_VERSION = 1.0;
				PRODUCT_BUNDLE_IDENTIFIER = com.Tsugur.UltimatePortfolioTests;
				PRODUCT_NAME = "$(TARGET_NAME)";
				SWIFT_EMIT_LOC_STRINGS = NO;
				SWIFT_VERSION = 5.0;
				TARGETED_DEVICE_FAMILY = "1,2";
				TEST_HOST = "$(BUILT_PRODUCTS_DIR)/UltimatePortfolio.app/$(BUNDLE_EXECUTABLE_FOLDER_PATH)/UltimatePortfolio";
			};
			name = Release;
		};
/* End XCBuildConfiguration section */

/* Begin XCConfigurationList section */
		617867FA292F2EB800B42377 /* Build configuration list for PBXNativeTarget "UltimatePortfolioUITests" */ = {
			isa = XCConfigurationList;
			buildConfigurations = (
				617867FB292F2EB800B42377 /* Debug */,
				617867FC292F2EB800B42377 /* Release */,
			);
			defaultConfigurationIsVisible = 0;
			defaultConfigurationName = Release;
		};
		619E4F2129083879007F9C30 /* Build configuration list for PBXProject "UltimatePortfolio" */ = {
			isa = XCConfigurationList;
			buildConfigurations = (
				619E4F322908387D007F9C30 /* Debug */,
				619E4F332908387D007F9C30 /* Release */,
			);
			defaultConfigurationIsVisible = 0;
			defaultConfigurationName = Release;
		};
		619E4F342908387D007F9C30 /* Build configuration list for PBXNativeTarget "UltimatePortfolio" */ = {
			isa = XCConfigurationList;
			buildConfigurations = (
				619E4F352908387D007F9C30 /* Debug */,
				619E4F362908387D007F9C30 /* Release */,
			);
			defaultConfigurationIsVisible = 0;
			defaultConfigurationName = Release;
		};
		61A80773292C10F200AE92AB /* Build configuration list for PBXNativeTarget "UltimatePortfolioTests" */ = {
			isa = XCConfigurationList;
			buildConfigurations = (
				61A80774292C10F200AE92AB /* Debug */,
				61A80775292C10F200AE92AB /* Release */,
			);
			defaultConfigurationIsVisible = 0;
			defaultConfigurationName = Release;
		};
/* End XCConfigurationList section */

/* Begin XCVersionGroup section */
		619E4F3729083945007F9C30 /* Main.xcdatamodeld */ = {
			isa = XCVersionGroup;
			children = (
				619E4F3829083945007F9C30 /* Main.xcdatamodel */,
			);
			currentVersion = 619E4F3829083945007F9C30 /* Main.xcdatamodel */;
			path = Main.xcdatamodeld;
			sourceTree = "<group>";
			versionGroupType = wrapper.xcdatamodel;
		};
/* End XCVersionGroup section */
	};
	rootObject = 619E4F1E29083879007F9C30 /* Project object */;
}
